github.com/phpdave11/gofpdi v1.0.8 h1:9HRg0Z0qDfWeMU7ska+YNQ13RHxTxqP5KTg/dBl4o7c=
github.com/phpdave11/gofpdi v1.0.8/go.mod h1:vBmVV0Do6hSBHC8uKUQ71JGW+ZGQq74llk/7bXwjDoI=
github.com/phpdave11/gofpdi v1.0.11 h1:wsBNx+3S0wy1dEp6fzv281S74ogZGgIdYWV2PugWgho=
github.com/phpdave11/gofpdi v1.0.11/go.mod h1:vBmVV0Do6hSBHC8uKUQ71JGW+ZGQq74llk/7bXwjDoI=
github.com/pkg/errors v0.8.1 h1:iURUrRGxPUNPdy5/HRSm+Yj6okJ6UtLINN0Q9M4+h3I=
github.com/pkg/errors v0.8.1/go.mod h1:bwawxfHBFNV+L2hUp1rHADufV3IMtnDRdf1r5NINEl0=
github.com/pkg/errors v0.9.1 h1:FEBLx1zS214owpjy7qsBeixbURkuhQAwrK5UwLGTwt4=
github.com/pkg/errors v0.9.1/go.mod h1:bwawxfHBFNV+L2hUp1rHADufV3IMtnDRdf1r5NINEl0=
github.com/shopspring/decimal v1.2.0 h1:abSATXmQEYyShuxI4/vyW3tV1MrKAJzCZ/0zLUXYbsQ=
github.com/shopspring/decimal v1.2.0/go.mod h1:DKyhrW/HYNuLGql+MJL6WCR6knT2jwCFRcu2hWCYk4o=
github.com/signintech/gopdf v0.9.7 h1:5pgm6D19JyaYEN77vZeGjIhWtky/COmxVhq4jaBnJWg=
github.com/signintech/gopdf v0.9.7/go.mod h1:MrARAC6LaOgbnV6vrC5885VuoWCXazhAqx8L8zmjYy4=
github.com/tiechui1994/gopdf v0.0.0-20200406044559-873ab4a2edbc h1:Hlqfa8RMB03m/k0EQu8DbOsUMyf0O/1q2mSBvuilFgQ=
github.com/tiechui1994/gopdf v0.0.0-20200406044559-873ab4a2edbc/go.mod h1:/A5EsG5tSUn3x8x7wSoN86nGXyaox35G4Nm4sPNwEtk=
github.com/ying32/dylib v0.0.0-20200305075302-6eba4f831b29 h1:t0u0K+Yn3GqpkPQqnZ63h1hynNv93cmshn7S02PM8Ks=
github.com/ying32/dylib v0.0.0-20200305075302-6eba4f831b29/go.mod h1:WPBTfbqg/aA1xqHFPB4fgBHETq/G/75yErbnexmaEOo=
github.com/ying32/govcl v1.2.10 h1:n0Z0DdrzKP6ia1NII4TVDnp0WumQ0X66MvV3NSh9yQk=
github.com/ying32/govcl v1.2.10/go.mod h1:yZVtbJ9Md1nAVxtHKIriKZn4K6TQYqI1en3sN/m9FJ8=
